
Microsoft Visual Studio Solution File, Format Version 12.00
# Visual Studio Version 17
VisualStudioVersion = 17.9.34728.123
MinimumVisualStudioVersion = 10.0.40219.1
Project("{9A19103F-16F7-4668-BE54-9A1E7A4F7556}") = "Exam2024t", "Exam2024t.csproj", "{E4645D25-D006-42FE-B1F7-B3148EFD83E1}"
EndProject
Project("{FAE04EC0-301F-11D3-BF4B-00C04F79EFBC}") = "API", "..\API\API.csproj", "{75765CE1-8D87-40E6-9CBB-11AD024B014F}"
EndProject
Project("{FAE04EC0-301F-11D3-BF4B-00C04F79EFBC}") = "Core", "..\Core\Core.csproj", "{2258808C-B5EF-4A2F-AF1F-319ADEDC8D54}"
EndProject
Global
	GlobalSection(SolutionConfigurationPlatforms) = preSolution
		Debug|Any CPU = Debug|Any CPU
		Release|Any CPU = Release|Any CPU
	EndGlobalSection
	GlobalSection(ProjectConfigurationPlatforms) = postSolution
		{E4645D25-D006-42FE-B1F7-B3148EFD83E1}.Debug|Any CPU.ActiveCfg = Debug|Any CPU
		{E4645D25-D006-42FE-B1F7-B3148EFD83E1}.Debug|Any CPU.Build.0 = Debug|Any CPU
		{E4645D25-D006-42FE-B1F7-B3148EFD83E1}.Release|Any CPU.ActiveCfg = Release|Any CPU
		{E4645D25-D006-42FE-B1F7-B3148EFD83E1}.Release|Any CPU.Build.0 = Release|Any CPU
		{75765CE1-8D87-40E6-9CBB-11AD024B014F}.Debug|Any CPU.ActiveCfg = Debug|Any CPU
		{75765CE1-8D87-40E6-9CBB-11AD024B014F}.Debug|Any CPU.Build.0 = Debug|Any CPU
		{75765CE1-8D87-40E6-9CBB-11AD024B014F}.Release|Any CPU.ActiveCfg = Release|Any CPU
		{75765CE1-8D87-40E6-9CBB-11AD024B014F}.Release|Any CPU.Build.0 = Release|Any CPU
		{2258808C-B5EF-4A2F-AF1F-319ADEDC8D54}.Debug|Any CPU.ActiveCfg = Debug|Any CPU
		{2258808C-B5EF-4A2F-AF1F-319ADEDC8D54}.Debug|Any CPU.Build.0 = Debug|Any CPU
		{2258808C-B5EF-4A2F-AF1F-319ADEDC8D54}.Release|Any CPU.ActiveCfg = Release|Any CPU
		{2258808C-B5EF-4A2F-AF1F-319ADEDC8D54}.Release|Any CPU.Build.0 = Release|Any CPU
	EndGlobalSection
	GlobalSection(SolutionProperties) = preSolution
		HideSolutionNode = FALSE
	EndGlobalSection
	GlobalSection(ExtensibilityGlobals) = postSolution
		SolutionGuid = {07AA2491-CDF4-4033-8B58-1D13665EED39}
	EndGlobalSection
EndGlobal
